
Microsoft Visual Studio Solution File, Format Version 12.00
# Visual Studio Version 17
VisualStudioVersion = 17.7.34031.279
MinimumVisualStudioVersion = 10.0.40219.1
Project("{FAE04EC0-301F-11D3-BF4B-00C04F79EFBC}") = "HW4Task2.2", "HW4Task2.2\HW4Task2.2.csproj", "{290D5530-0F41-43F0-BB84-7C2B3FA0E9B3}"
EndProject
Global
	GlobalSection(SolutionConfigurationPlatforms) = preSolution
		Debug|Any CPU = Debug|Any CPU
		Release|Any CPU = Release|Any CPU
	EndGlobalSection
	GlobalSection(ProjectConfigurationPlatforms) = postSolution
		{290D5530-0F41-43F0-BB84-7C2B3FA0E9B3}.Debug|Any CPU.ActiveCfg = Debug|Any CPU
		{290D5530-0F41-43F0-BB84-7C2B3FA0E9B3}.Debug|Any CPU.Build.0 = Debug|Any CPU
		{290D5530-0F41-43F0-BB84-7C2B3FA0E9B3}.Release|Any CPU.ActiveCfg = Release|Any CPU
		{290D5530-0F41-43F0-BB84-7C2B3FA0E9B3}.Release|Any CPU.Build.0 = Release|Any CPU
	EndGlobalSection
	GlobalSection(SolutionProperties) = preSolution
		HideSolutionNode = FALSE
	EndGlobalSection
	GlobalSection(ExtensibilityGlobals) = postSolution
		SolutionGuid = {772461DE-B0DC-484D-97E1-F9873AB8728B}
	EndGlobalSection
EndGlobal
